<Solution>
  <Folder Name="/.github/">
    <File Path="../.github/copilot-instructions.md" />
  </Folder>
  <Configurations>
    <BuildType Name="Release" />
  </Configurations>
  <Project Path="AnimalGenetics/AnimalGenetics.csproj" />
  <Project Path="AnotherModPatch/AnotherModPatch.csproj" />
  <Project Path="ColonyManagerPatch/ColonyManagerPatch.csproj" />
</Solution>